
Microsoft Visual Studio Solution File, Format Version 12.00
# Visual Studio 15
VisualStudioVersion = 15.0.27130.2010
MinimumVisualStudioVersion = 10.0.40219.1
Project("{FAE04EC0-301F-11D3-BF4B-00C04F79EFBC}") = "ITRW316-Scheduling", "ITRW316-Scheduling\ITRW316-Scheduling.csproj", "{28A21DB8-FAFA-4B72-A08E-1B71890D2231}"
EndProject
Global
	GlobalSection(SolutionConfigurationPlatforms) = preSolution
		Debug|Any CPU = Debug|Any CPU
		Release|Any CPU = Release|Any CPU
	EndGlobalSection
	GlobalSection(ProjectConfigurationPlatforms) = postSolution
		{28A21DB8-FAFA-4B72-A08E-1B71890D2231}.Debug|Any CPU.ActiveCfg = Debug|Any CPU
		{28A21DB8-FAFA-4B72-A08E-1B71890D2231}.Debug|Any CPU.Build.0 = Debug|Any CPU
		{28A21DB8-FAFA-4B72-A08E-1B71890D2231}.Release|Any CPU.ActiveCfg = Release|Any CPU
		{28A21DB8-FAFA-4B72-A08E-1B71890D2231}.Release|Any CPU.Build.0 = Release|Any CPU
	EndGlobalSection
	GlobalSection(SolutionProperties) = preSolution
		HideSolutionNode = FALSE
	EndGlobalSection
	GlobalSection(ExtensibilityGlobals) = postSolution
		SolutionGuid = {F542063E-92AF-4EF6-A8E0-8E1E51D80947}
	EndGlobalSection
EndGlobal
